// !$*UTF8*$!
{
	archiveVersion = 1;
	classes = {
	};
	objectVersion = 46;
	objects = {

/* Begin PBXBuildFile section */
		4E073AC2A59229822A89B26E /* libPods.a in Frameworks */ = {isa = PBXBuildFile; fileRef = F0B4F2E4AB9177776E64DDFF /* libPods.a */; };
		E729BDE41B94E71200022C6D /* SocialVK.swift in Sources */ = {isa = PBXBuildFile; fileRef = E729BDE31B94E71200022C6D /* SocialVK.swift */; };
		E729BDE71B94E7A800022C6D /* RNLeftAndRightHeaderFooterView.swift in Sources */ = {isa = PBXBuildFile; fileRef = E729BDE51B94E7A800022C6D /* RNLeftAndRightHeaderFooterView.swift */; };
		E729BDE81B94E7A800022C6D /* RNLeftAndRightHeaderFooterView.xib in Resources */ = {isa = PBXBuildFile; fileRef = E729BDE61B94E7A800022C6D /* RNLeftAndRightHeaderFooterView.xib */; };
		E763CFE31B91FE4700726250 /* AppDelegate.swift in Sources */ = {isa = PBXBuildFile; fileRef = E763CFE21B91FE4700726250 /* AppDelegate.swift */; };
		E763CFE81B91FE4700726250 /* Main.storyboard in Resources */ = {isa = PBXBuildFile; fileRef = E763CFE61B91FE4700726250 /* Main.storyboard */; };
		E763CFEA1B91FE4700726250 /* Images.xcassets in Resources */ = {isa = PBXBuildFile; fileRef = E763CFE91B91FE4700726250 /* Images.xcassets */; };
		E763CFF91B91FE4700726250 /* SocialTests.swift in Sources */ = {isa = PBXBuildFile; fileRef = E763CFF81B91FE4700726250 /* SocialTests.swift */; };
		E763D0031B91FF8D00726250 /* ShareViewController.swift in Sources */ = {isa = PBXBuildFile; fileRef = E763D0021B91FF8D00726250 /* ShareViewController.swift */; };
		E763D0181B920BAE00726250 /* Social.swift in Sources */ = {isa = PBXBuildFile; fileRef = E763D0121B920BAE00726250 /* Social.swift */; };
		E763D0191B920BAE00726250 /* SocialConstants.swift in Sources */ = {isa = PBXBuildFile; fileRef = E763D0131B920BAE00726250 /* SocialConstants.swift */; };
		E763D01B1B920BAE00726250 /* SocialFacebook.swift in Sources */ = {isa = PBXBuildFile; fileRef = E763D0151B920BAE00726250 /* SocialFacebook.swift */; };
		E763D01D1B920BAE00726250 /* SocialTwitter.swift in Sources */ = {isa = PBXBuildFile; fileRef = E763D0171B920BAE00726250 /* SocialTwitter.swift */; };
		E763D01F1B920CB600726250 /* Social+UIImage.swift in Sources */ = {isa = PBXBuildFile; fileRef = E763D01E1B920CB600726250 /* Social+UIImage.swift */; };
		E7684C031B99DE2000004581 /* SocialVKActions.swift in Sources */ = {isa = PBXBuildFile; fileRef = E7684C021B99DE2000004581 /* SocialVKActions.swift */; };
		E79861011BAAF9460052A4E3 /* SocialHelper.swift in Sources */ = {isa = PBXBuildFile; fileRef = E79861001BAAF9460052A4E3 /* SocialHelper.swift */; };
		E7CD45951B978C99009B2EBB /* SocialActions.swift in Sources */ = {isa = PBXBuildFile; fileRef = E7CD45941B978C99009B2EBB /* SocialActions.swift */; };
		E7D253D11B9836BA00B0BD7E /* SocialNetworkManager.swift in Sources */ = {isa = PBXBuildFile; fileRef = E7D253D01B9836BA00B0BD7E /* SocialNetworkManager.swift */; };
		E7F384A91BFB4B310086EB70 /* SocialFacebookActions.swift in Sources */ = {isa = PBXBuildFile; fileRef = E7F384A81BFB4B310086EB70 /* SocialFacebookActions.swift */; };
		E7F384AB1BFB4BAA0086EB70 /* SocialTwitterActions.swift in Sources */ = {isa = PBXBuildFile; fileRef = E7F384AA1BFB4BAA0086EB70 /* SocialTwitterActions.swift */; };
/* End PBXBuildFile section */

/* Begin PBXContainerItemProxy section */
		E763CFF31B91FE4700726250 /* PBXContainerItemProxy */ = {
			isa = PBXContainerItemProxy;
			containerPortal = E763CFD51B91FE4700726250 /* Project object */;
			proxyType = 1;
			remoteGlobalIDString = E763CFDC1B91FE4700726250;
			remoteInfo = Social;
		};
/* End PBXContainerItemProxy section */

/* Begin PBXFileReference section */
		82F08AA772162FE63D60D097 /* Pods.debug.xcconfig */ = {isa = PBXFileReference; includeInIndex = 1; lastKnownFileType = text.xcconfig; name = Pods.debug.xcconfig; path = "Pods/Target Support Files/Pods/Pods.debug.xcconfig"; sourceTree = "<group>"; };
		9C262E353BA71D6A9A06BDDD /* Pods.release.xcconfig */ = {isa = PBXFileReference; includeInIndex = 1; lastKnownFileType = text.xcconfig; name = Pods.release.xcconfig; path = "Pods/Target Support Files/Pods/Pods.release.xcconfig"; sourceTree = "<group>"; };
		E729BDE31B94E71200022C6D /* SocialVK.swift */ = {isa = PBXFileReference; fileEncoding = 4; lastKnownFileType = sourcecode.swift; path = SocialVK.swift; sourceTree = "<group>"; };
		E729BDE51B94E7A800022C6D /* RNLeftAndRightHeaderFooterView.swift */ = {isa = PBXFileReference; fileEncoding = 4; lastKnownFileType = sourcecode.swift; path = RNLeftAndRightHeaderFooterView.swift; sourceTree = "<group>"; };
		E729BDE61B94E7A800022C6D /* RNLeftAndRightHeaderFooterView.xib */ = {isa = PBXFileReference; fileEncoding = 4; lastKnownFileType = file.xib; path = RNLeftAndRightHeaderFooterView.xib; sourceTree = "<group>"; };
		E745EAA61B98E5C700CD278F /* Social-Bridging-Header.h */ = {isa = PBXFileReference; fileEncoding = 4; lastKnownFileType = sourcecode.c.h; path = "Social-Bridging-Header.h"; sourceTree = "<group>"; };
		E763CFDD1B91FE4700726250 /* Social.app */ = {isa = PBXFileReference; explicitFileType = wrapper.application; includeInIndex = 0; path = Social.app; sourceTree = BUILT_PRODUCTS_DIR; };
		E763CFE11B91FE4700726250 /* Info.plist */ = {isa = PBXFileReference; lastKnownFileType = text.plist.xml; path = Info.plist; sourceTree = "<group>"; };
		E763CFE21B91FE4700726250 /* AppDelegate.swift */ = {isa = PBXFileReference; lastKnownFileType = sourcecode.swift; path = AppDelegate.swift; sourceTree = "<group>"; };
		E763CFE71B91FE4700726250 /* Base */ = {isa = PBXFileReference; lastKnownFileType = file.storyboard; name = Base; path = Base.lproj/Main.storyboard; sourceTree = "<group>"; };
		E763CFE91B91FE4700726250 /* Images.xcassets */ = {isa = PBXFileReference; lastKnownFileType = folder.assetcatalog; path = Images.xcassets; sourceTree = "<group>"; };
		E763CFF21B91FE4700726250 /* SocialTests.xctest */ = {isa = PBXFileReference; explicitFileType = wrapper.cfbundle; includeInIndex = 0; path = SocialTests.xctest; sourceTree = BUILT_PRODUCTS_DIR; };
		E763CFF71B91FE4700726250 /* Info.plist */ = {isa = PBXFileReference; lastKnownFileType = text.plist.xml; path = Info.plist; sourceTree = "<group>"; };
		E763CFF81B91FE4700726250 /* SocialTests.swift */ = {isa = PBXFileReference; lastKnownFileType = sourcecode.swift; path = SocialTests.swift; sourceTree = "<group>"; };
		E763D0021B91FF8D00726250 /* ShareViewController.swift */ = {isa = PBXFileReference; fileEncoding = 4; lastKnownFileType = sourcecode.swift; path = ShareViewController.swift; sourceTree = "<group>"; };
		E763D0121B920BAE00726250 /* Social.swift */ = {isa = PBXFileReference; fileEncoding = 4; lastKnownFileType = sourcecode.swift; path = Social.swift; sourceTree = "<group>"; };
		E763D0131B920BAE00726250 /* SocialConstants.swift */ = {isa = PBXFileReference; fileEncoding = 4; lastKnownFileType = sourcecode.swift; path = SocialConstants.swift; sourceTree = "<group>"; };
		E763D0151B920BAE00726250 /* SocialFacebook.swift */ = {isa = PBXFileReference; fileEncoding = 4; lastKnownFileType = sourcecode.swift; path = SocialFacebook.swift; sourceTree = "<group>"; };
		E763D0171B920BAE00726250 /* SocialTwitter.swift */ = {isa = PBXFileReference; fileEncoding = 4; lastKnownFileType = sourcecode.swift; path = SocialTwitter.swift; sourceTree = "<group>"; };
		E763D01E1B920CB600726250 /* Social+UIImage.swift */ = {isa = PBXFileReference; fileEncoding = 4; lastKnownFileType = sourcecode.swift; path = "Social+UIImage.swift"; sourceTree = "<group>"; };
		E7684C021B99DE2000004581 /* SocialVKActions.swift */ = {isa = PBXFileReference; fileEncoding = 4; lastKnownFileType = sourcecode.swift; path = SocialVKActions.swift; sourceTree = "<group>"; };
		E79861001BAAF9460052A4E3 /* SocialHelper.swift */ = {isa = PBXFileReference; fileEncoding = 4; lastKnownFileType = sourcecode.swift; path = SocialHelper.swift; sourceTree = "<group>"; };
		E7CD45941B978C99009B2EBB /* SocialActions.swift */ = {isa = PBXFileReference; fileEncoding = 4; lastKnownFileType = sourcecode.swift; path = SocialActions.swift; sourceTree = "<group>"; };
		E7D253D01B9836BA00B0BD7E /* SocialNetworkManager.swift */ = {isa = PBXFileReference; fileEncoding = 4; lastKnownFileType = sourcecode.swift; path = SocialNetworkManager.swift; sourceTree = "<group>"; };
		E7F384A81BFB4B310086EB70 /* SocialFacebookActions.swift */ = {isa = PBXFileReference; fileEncoding = 4; lastKnownFileType = sourcecode.swift; path = SocialFacebookActions.swift; sourceTree = "<group>"; };
		E7F384AA1BFB4BAA0086EB70 /* SocialTwitterActions.swift */ = {isa = PBXFileReference; fileEncoding = 4; lastKnownFileType = sourcecode.swift; path = SocialTwitterActions.swift; sourceTree = "<group>"; };
		F0B4F2E4AB9177776E64DDFF /* libPods.a */ = {isa = PBXFileReference; explicitFileType = archive.ar; includeInIndex = 0; path = libPods.a; sourceTree = BUILT_PRODUCTS_DIR; };
/* End PBXFileReference section */

/* Begin PBXFrameworksBuildPhase section */
		E763CFDA1B91FE4700726250 /* Frameworks */ = {
			isa = PBXFrameworksBuildPhase;
			buildActionMask = 2147483647;
			files = (
				4E073AC2A59229822A89B26E /* libPods.a in Frameworks */,
			);
			runOnlyForDeploymentPostprocessing = 0;
		};
		E763CFEF1B91FE4700726250 /* Frameworks */ = {
			isa = PBXFrameworksBuildPhase;
			buildActionMask = 2147483647;
			files = (
			);
			runOnlyForDeploymentPostprocessing = 0;
		};
/* End PBXFrameworksBuildPhase section */

/* Begin PBXGroup section */
		E07D2DED5BC1E36F05368D4A /* Frameworks */ = {
			isa = PBXGroup;
			children = (
				F0B4F2E4AB9177776E64DDFF /* libPods.a */,
			);
			name = Frameworks;
			sourceTree = "<group>";
		};
		E729BDE91B94E7B200022C6D /* View controllers */ = {
			isa = PBXGroup;
			children = (
				E763D0021B91FF8D00726250 /* ShareViewController.swift */,
				E729BDE51B94E7A800022C6D /* RNLeftAndRightHeaderFooterView.swift */,
				E729BDE61B94E7A800022C6D /* RNLeftAndRightHeaderFooterView.xib */,
			);
			name = "View controllers";
			sourceTree = "<group>";
		};
		E763CFD41B91FE4700726250 = {
			isa = PBXGroup;
			children = (
				E763CFDF1B91FE4700726250 /* Social */,
				E763CFF51B91FE4700726250 /* SocialTests */,
				E763CFDE1B91FE4700726250 /* Products */,
				F19F2C4D3CE4E46719631959 /* Pods */,
				E07D2DED5BC1E36F05368D4A /* Frameworks */,
			);
			sourceTree = "<group>";
		};
		E763CFDE1B91FE4700726250 /* Products */ = {
			isa = PBXGroup;
			children = (
				E763CFDD1B91FE4700726250 /* Social.app */,
				E763CFF21B91FE4700726250 /* SocialTests.xctest */,
			);
			name = Products;
			sourceTree = "<group>";
		};
		E763CFDF1B91FE4700726250 /* Social */ = {
			isa = PBXGroup;
			children = (
				E763CFE21B91FE4700726250 /* AppDelegate.swift */,
				E763CFE61B91FE4700726250 /* Main.storyboard */,
				E763CFE91B91FE4700726250 /* Images.xcassets */,
				E729BDE91B94E7B200022C6D /* View controllers */,
				E763D0111B920BAE00726250 /* Source */,
				E763CFE01B91FE4700726250 /* Supporting Files */,
			);
			path = Social;
			sourceTree = "<group>";
		};
		E763CFE01B91FE4700726250 /* Supporting Files */ = {
			isa = PBXGroup;
			children = (
				E745EAA61B98E5C700CD278F /* Social-Bridging-Header.h */,
				E763CFE11B91FE4700726250 /* Info.plist */,
			);
			name = "Supporting Files";
			sourceTree = "<group>";
		};
		E763CFF51B91FE4700726250 /* SocialTests */ = {
			isa = PBXGroup;
			children = (
				E763CFF81B91FE4700726250 /* SocialTests.swift */,
				E763CFF61B91FE4700726250 /* Supporting Files */,
			);
			path = SocialTests;
			sourceTree = "<group>";
		};
		E763CFF61B91FE4700726250 /* Supporting Files */ = {
			isa = PBXGroup;
			children = (
				E763CFF71B91FE4700726250 /* Info.plist */,
			);
			name = "Supporting Files";
			sourceTree = "<group>";
		};
		E763D0111B920BAE00726250 /* Source */ = {
			isa = PBXGroup;
			children = (
				E7D253D01B9836BA00B0BD7E /* SocialNetworkManager.swift */,
				E7D253D21B9837D300B0BD7E /* Abstract */,
				E7D253D41B9837E600B0BD7E /* Networks */,
				E7D253D31B9837DF00B0BD7E /* Helper */,
			);
			path = Source;
			sourceTree = "<group>";
		};
		E7684BFD1B99B63900004581 /* Twitter */ = {
			isa = PBXGroup;
			children = (
				E763D0171B920BAE00726250 /* SocialTwitter.swift */,
				E7F384AA1BFB4BAA0086EB70 /* SocialTwitterActions.swift */,
			);
			name = Twitter;
			sourceTree = "<group>";
		};
		E7684C011B99DCBF00004581 /* VK */ = {
			isa = PBXGroup;
			children = (
				E729BDE31B94E71200022C6D /* SocialVK.swift */,
				E7684C021B99DE2000004581 /* SocialVKActions.swift */,
			);
			name = VK;
			sourceTree = "<group>";
		};
		E7D253D21B9837D300B0BD7E /* Abstract */ = {
			isa = PBXGroup;
			children = (
				E763D0121B920BAE00726250 /* Social.swift */,
				E7CD45941B978C99009B2EBB /* SocialActions.swift */,
			);
			name = Abstract;
			sourceTree = "<group>";
		};
		E7D253D31B9837DF00B0BD7E /* Helper */ = {
			isa = PBXGroup;
			children = (
				E763D0131B920BAE00726250 /* SocialConstants.swift */,
				E763D01E1B920CB600726250 /* Social+UIImage.swift */,
				E79861001BAAF9460052A4E3 /* SocialHelper.swift */,
			);
			name = Helper;
			sourceTree = "<group>";
		};
		E7D253D41B9837E600B0BD7E /* Networks */ = {
			isa = PBXGroup;
			children = (
				E7D253D51B9844CF00B0BD7E /* Facebook */,
				E7684BFD1B99B63900004581 /* Twitter */,
				E7684C011B99DCBF00004581 /* VK */,
			);
			name = Networks;
			sourceTree = "<group>";
		};
		E7D253D51B9844CF00B0BD7E /* Facebook */ = {
			isa = PBXGroup;
			children = (
				E763D0151B920BAE00726250 /* SocialFacebook.swift */,
				E7F384A81BFB4B310086EB70 /* SocialFacebookActions.swift */,
			);
			name = Facebook;
			sourceTree = "<group>";
		};
		F19F2C4D3CE4E46719631959 /* Pods */ = {
			isa = PBXGroup;
			children = (
				82F08AA772162FE63D60D097 /* Pods.debug.xcconfig */,
				9C262E353BA71D6A9A06BDDD /* Pods.release.xcconfig */,
			);
			name = Pods;
			sourceTree = "<group>";
		};
/* End PBXGroup section */

/* Begin PBXNativeTarget section */
		E763CFDC1B91FE4700726250 /* Social */ = {
			isa = PBXNativeTarget;
			buildConfigurationList = E763CFFC1B91FE4700726250 /* Build configuration list for PBXNativeTarget "Social" */;
			buildPhases = (
				42C12048701F322850C635E5 /* Check Pods Manifest.lock */,
				E763CFD91B91FE4700726250 /* Sources */,
				E763CFDA1B91FE4700726250 /* Frameworks */,
				E763CFDB1B91FE4700726250 /* Resources */,
				32B5C148404CBEF4FB523FCB /* Copy Pods Resources */,
				E7684C001B99D3DF00004581 /* Fabric */,
				E73E5CEF1BFB67F50051611C /* WARNING */,
			);
			buildRules = (
			);
			dependencies = (
			);
			name = Social;
			productName = Social;
			productReference = E763CFDD1B91FE4700726250 /* Social.app */;
			productType = "com.apple.product-type.application";
		};
		E763CFF11B91FE4700726250 /* SocialTests */ = {
			isa = PBXNativeTarget;
			buildConfigurationList = E763CFFF1B91FE4700726250 /* Build configuration list for PBXNativeTarget "SocialTests" */;
			buildPhases = (
				E763CFEE1B91FE4700726250 /* Sources */,
				E763CFEF1B91FE4700726250 /* Frameworks */,
				E763CFF01B91FE4700726250 /* Resources */,
			);
			buildRules = (
			);
			dependencies = (
				E763CFF41B91FE4700726250 /* PBXTargetDependency */,
			);
			name = SocialTests;
			productName = SocialTests;
			productReference = E763CFF21B91FE4700726250 /* SocialTests.xctest */;
			productType = "com.apple.product-type.bundle.unit-test";
		};
/* End PBXNativeTarget section */

/* Begin PBXProject section */
		E763CFD51B91FE4700726250 /* Project object */ = {
			isa = PBXProject;
			attributes = {
				LastSwiftMigration = 0700;
				LastSwiftUpdateCheck = 0700;
				LastUpgradeCheck = 0700;
				ORGANIZATIONNAME = FlatStack;
				TargetAttributes = {
					E763CFDC1B91FE4700726250 = {
						CreatedOnToolsVersion = 6.4;
					};
					E763CFF11B91FE4700726250 = {
						CreatedOnToolsVersion = 6.4;
						TestTargetID = E763CFDC1B91FE4700726250;
					};
				};
			};
			buildConfigurationList = E763CFD81B91FE4700726250 /* Build configuration list for PBXProject "Social" */;
			compatibilityVersion = "Xcode 3.2";
			developmentRegion = English;
			hasScannedForEncodings = 0;
			knownRegions = (
				en,
				Base,
			);
			mainGroup = E763CFD41B91FE4700726250;
			productRefGroup = E763CFDE1B91FE4700726250 /* Products */;
			projectDirPath = "";
			projectRoot = "";
			targets = (
				E763CFDC1B91FE4700726250 /* Social */,
				E763CFF11B91FE4700726250 /* SocialTests */,
			);
		};
/* End PBXProject section */

/* Begin PBXResourcesBuildPhase section */
		E763CFDB1B91FE4700726250 /* Resources */ = {
			isa = PBXResourcesBuildPhase;
			buildActionMask = 2147483647;
			files = (
				E763CFE81B91FE4700726250 /* Main.storyboard in Resources */,
				E729BDE81B94E7A800022C6D /* RNLeftAndRightHeaderFooterView.xib in Resources */,
				E763CFEA1B91FE4700726250 /* Images.xcassets in Resources */,
			);
			runOnlyForDeploymentPostprocessing = 0;
		};
		E763CFF01B91FE4700726250 /* Resources */ = {
			isa = PBXResourcesBuildPhase;
			buildActionMask = 2147483647;
			files = (
			);
			runOnlyForDeploymentPostprocessing = 0;
		};
/* End PBXResourcesBuildPhase section */

/* Begin PBXShellScriptBuildPhase section */
		32B5C148404CBEF4FB523FCB /* Copy Pods Resources */ = {
			isa = PBXShellScriptBuildPhase;
			buildActionMask = 2147483647;
			files = (
			);
			inputPaths = (
			);
			name = "Copy Pods Resources";
			outputPaths = (
			);
			runOnlyForDeploymentPostprocessing = 0;
			shellPath = /bin/sh;
			shellScript = "\"${SRCROOT}/Pods/Target Support Files/Pods/Pods-resources.sh\"\n";
			showEnvVarsInLog = 0;
		};
		42C12048701F322850C635E5 /* Check Pods Manifest.lock */ = {
			isa = PBXShellScriptBuildPhase;
			buildActionMask = 2147483647;
			files = (
			);
			inputPaths = (
			);
			name = "Check Pods Manifest.lock";
			outputPaths = (
			);
			runOnlyForDeploymentPostprocessing = 0;
			shellPath = /bin/sh;
			shellScript = "diff \"${PODS_ROOT}/../Podfile.lock\" \"${PODS_ROOT}/Manifest.lock\" > /dev/null\nif [[ $? != 0 ]] ; then\n    cat << EOM\nerror: The sandbox is not in sync with the Podfile.lock. Run 'pod install' or update your CocoaPods installation.\nEOM\n    exit 1\nfi\n";
			showEnvVarsInLog = 0;
		};
		E73E5CEF1BFB67F50051611C /* WARNING */ = {
			isa = PBXShellScriptBuildPhase;
			buildActionMask = 2147483647;
			files = (
			);
			inputPaths = (
			);
			name = WARNING;
			outputPaths = (
			);
			runOnlyForDeploymentPostprocessing = 0;
			shellPath = /bin/sh;
			shellScript = "if [ \"${CONFIGURATION}\" = \"Debug\" ]; then\nTAGS=\"WARNING:|TODO:|FIXME:\"\necho \"searching ${SRCROOT} for ${TAGS}\"\nfind \"${SRCROOT}\" \\( -name \"*.swift\" \\) -print0 | xargs -0 egrep --with-filename --line-number --only-matching \"($TAGS).*\\$\" | perl -p -e \"s/($TAGS)/ warning: \\$1/\"\nfi";
		};
		E7684C001B99D3DF00004581 /* Fabric */ = {
			isa = PBXShellScriptBuildPhase;
			buildActionMask = 2147483647;
			files = (
			);
			inputPaths = (
			);
			name = Fabric;
			outputPaths = (
			);
			runOnlyForDeploymentPostprocessing = 0;
			shellPath = /bin/sh;
			shellScript = "\"${PODS_ROOT}/Fabric/Fabric.framework/run\" 28618307f55d81afd40f1162183c081e8b1a2825 c220d7e94d5bbd3e526ce1bffd5b2514a957214cfe1c0044b0e6c60809d1ef9b";
		};
/* End PBXShellScriptBuildPhase section */

/* Begin PBXSourcesBuildPhase section */
		E763CFD91B91FE4700726250 /* Sources */ = {
			isa = PBXSourcesBuildPhase;
			buildActionMask = 2147483647;
			files = (
				E763D0031B91FF8D00726250 /* ShareViewController.swift in Sources */,
				E763D0181B920BAE00726250 /* Social.swift in Sources */,
				E7D253D11B9836BA00B0BD7E /* SocialNetworkManager.swift in Sources */,
				E7F384AB1BFB4BAA0086EB70 /* SocialTwitterActions.swift in Sources */,
				E7684C031B99DE2000004581 /* SocialVKActions.swift in Sources */,
				E763CFE31B91FE4700726250 /* AppDelegate.swift in Sources */,
				E7CD45951B978C99009B2EBB /* SocialActions.swift in Sources */,
				E763D01F1B920CB600726250 /* Social+UIImage.swift in Sources */,
				E763D01D1B920BAE00726250 /* SocialTwitter.swift in Sources */,
				E729BDE41B94E71200022C6D /* SocialVK.swift in Sources */,
				E763D01B1B920BAE00726250 /* SocialFacebook.swift in Sources */,
				E7F384A91BFB4B310086EB70 /* SocialFacebookActions.swift in Sources */,
				E79861011BAAF9460052A4E3 /* SocialHelper.swift in Sources */,
				E763D0191B920BAE00726250 /* SocialConstants.swift in Sources */,
				E729BDE71B94E7A800022C6D /* RNLeftAndRightHeaderFooterView.swift in Sources */,
			);
			runOnlyForDeploymentPostprocessing = 0;
		};
		E763CFEE1B91FE4700726250 /* Sources */ = {
			isa = PBXSourcesBuildPhase;
			buildActionMask = 2147483647;
			files = (
				E763CFF91B91FE4700726250 /* SocialTests.swift in Sources */,
			);
			runOnlyForDeploymentPostprocessing = 0;
		};
/* End PBXSourcesBuildPhase section */

/* Begin PBXTargetDependency section */
		E763CFF41B91FE4700726250 /* PBXTargetDependency */ = {
			isa = PBXTargetDependency;
			target = E763CFDC1B91FE4700726250 /* Social */;
			targetProxy = E763CFF31B91FE4700726250 /* PBXContainerItemProxy */;
		};
/* End PBXTargetDependency section */

/* Begin PBXVariantGroup section */
		E763CFE61B91FE4700726250 /* Main.storyboard */ = {
			isa = PBXVariantGroup;
			children = (
				E763CFE71B91FE4700726250 /* Base */,
			);
			name = Main.storyboard;
			sourceTree = "<group>";
		};
/* End PBXVariantGroup section */

/* Begin XCBuildConfiguration section */
		E763CFFA1B91FE4700726250 /* Debug */ = {
			isa = XCBuildConfiguration;
			buildSettings = {
				ALWAYS_SEARCH_USER_PATHS = NO;
				CLANG_CXX_LANGUAGE_STANDARD = "gnu++0x";
				CLANG_CXX_LIBRARY = "libc++";
				CLANG_ENABLE_MODULES = YES;
				CLANG_ENABLE_OBJC_ARC = YES;
				CLANG_WARN_BOOL_CONVERSION = YES;
				CLANG_WARN_CONSTANT_CONVERSION = YES;
				CLANG_WARN_DIRECT_OBJC_ISA_USAGE = YES_ERROR;
				CLANG_WARN_EMPTY_BODY = YES;
				CLANG_WARN_ENUM_CONVERSION = YES;
				CLANG_WARN_INT_CONVERSION = YES;
				CLANG_WARN_OBJC_ROOT_CLASS = YES_ERROR;
				CLANG_WARN_UNREACHABLE_CODE = YES;
				CLANG_WARN__DUPLICATE_METHOD_MATCH = YES;
				"CODE_SIGN_IDENTITY[sdk=iphoneos*]" = "iPhone Developer";
				COPY_PHASE_STRIP = NO;
				DEBUG_INFORMATION_FORMAT = "dwarf-with-dsym";
				ENABLE_STRICT_OBJC_MSGSEND = YES;
				ENABLE_TESTABILITY = YES;
				GCC_C_LANGUAGE_STANDARD = gnu99;
				GCC_DYNAMIC_NO_PIC = NO;
				GCC_NO_COMMON_BLOCKS = YES;
				GCC_OPTIMIZATION_LEVEL = 0;
				GCC_PREPROCESSOR_DEFINITIONS = (
					"DEBUG=1",
					"$(inherited)",
				);
				GCC_SYMBOLS_PRIVATE_EXTERN = NO;
				GCC_WARN_64_TO_32_BIT_CONVERSION = YES;
				GCC_WARN_ABOUT_RETURN_TYPE = YES_ERROR;
				GCC_WARN_UNDECLARED_SELECTOR = YES;
				GCC_WARN_UNINITIALIZED_AUTOS = YES_AGGRESSIVE;
				GCC_WARN_UNUSED_FUNCTION = YES;
				GCC_WARN_UNUSED_VARIABLE = YES;
				IPHONEOS_DEPLOYMENT_TARGET = 7.1;
				MTL_ENABLE_DEBUG_INFO = YES;
				ONLY_ACTIVE_ARCH = YES;
				SDKROOT = iphoneos;
				SWIFT_OPTIMIZATION_LEVEL = "-Onone";
			};
			name = Debug;
		};
		E763CFFB1B91FE4700726250 /* Release */ = {
			isa = XCBuildConfiguration;
			buildSettings = {
				ALWAYS_SEARCH_USER_PATHS = NO;
				CLANG_CXX_LANGUAGE_STANDARD = "gnu++0x";
				CLANG_CXX_LIBRARY = "libc++";
				CLANG_ENABLE_MODULES = YES;
				CLANG_ENABLE_OBJC_ARC = YES;
				CLANG_WARN_BOOL_CONVERSION = YES;
				CLANG_WARN_CONSTANT_CONVERSION = YES;
				CLANG_WARN_DIRECT_OBJC_ISA_USAGE = YES_ERROR;
				CLANG_WARN_EMPTY_BODY = YES;
				CLANG_WARN_ENUM_CONVERSION = YES;
				CLANG_WARN_INT_CONVERSION = YES;
				CLANG_WARN_OBJC_ROOT_CLASS = YES_ERROR;
				CLANG_WARN_UNREACHABLE_CODE = YES;
				CLANG_WARN__DUPLICATE_METHOD_MATCH = YES;
				"CODE_SIGN_IDENTITY[sdk=iphoneos*]" = "iPhone Developer";
				COPY_PHASE_STRIP = NO;
				DEBUG_INFORMATION_FORMAT = "dwarf-with-dsym";
				ENABLE_NS_ASSERTIONS = NO;
				ENABLE_STRICT_OBJC_MSGSEND = YES;
				GCC_C_LANGUAGE_STANDARD = gnu99;
				GCC_NO_COMMON_BLOCKS = YES;
				GCC_WARN_64_TO_32_BIT_CONVERSION = YES;
				GCC_WARN_ABOUT_RETURN_TYPE = YES_ERROR;
				GCC_WARN_UNDECLARED_SELECTOR = YES;
				GCC_WARN_UNINITIALIZED_AUTOS = YES_AGGRESSIVE;
				GCC_WARN_UNUSED_FUNCTION = YES;
				GCC_WARN_UNUSED_VARIABLE = YES;
				IPHONEOS_DEPLOYMENT_TARGET = 7.1;
				MTL_ENABLE_DEBUG_INFO = NO;
				SDKROOT = iphoneos;
				VALIDATE_PRODUCT = YES;
			};
			name = Release;
		};
		E763CFFD1B91FE4700726250 /* Debug */ = {
			isa = XCBuildConfiguration;
			baseConfigurationReference = 82F08AA772162FE63D60D097 /* Pods.debug.xcconfig */;
			buildSettings = {
				ASSETCATALOG_COMPILER_APPICON_NAME = AppIcon;
				ASSETCATALOG_COMPILER_LAUNCHIMAGE_NAME = LaunchImage;
				CLANG_ENABLE_MODULES = YES;
				INFOPLIST_FILE = Social/Info.plist;
				LD_RUNPATH_SEARCH_PATHS = "$(inherited) @executable_path/Frameworks";
				PRODUCT_BUNDLE_IDENTIFIER = "Flatstack.$(PRODUCT_NAME:rfc1034identifier)";
				PRODUCT_NAME = "$(TARGET_NAME)";
				SWIFT_OBJC_BRIDGING_HEADER = "Social/Social-Bridging-Header.h";
				SWIFT_OPTIMIZATION_LEVEL = "-Onone";
			};
			name = Debug;
		};
		E763CFFE1B91FE4700726250 /* Release */ = {
			isa = XCBuildConfiguration;
			baseConfigurationReference = 9C262E353BA71D6A9A06BDDD /* Pods.release.xcconfig */;
			buildSettings = {
				ASSETCATALOG_COMPILER_APPICON_NAME = AppIcon;
				ASSETCATALOG_COMPILER_LAUNCHIMAGE_NAME = LaunchImage;
				CLANG_ENABLE_MODULES = YES;
				INFOPLIST_FILE = Social/Info.plist;
				LD_RUNPATH_SEARCH_PATHS = "$(inherited) @executable_path/Frameworks";
				PRODUCT_BUNDLE_IDENTIFIER = "Flatstack.$(PRODUCT_NAME:rfc1034identifier)";
				PRODUCT_NAME = "$(TARGET_NAME)";
				SWIFT_OBJC_BRIDGING_HEADER = "Social/Social-Bridging-Header.h";
			};
			name = Release;
		};
		E763D0001B91FE4700726250 /* Debug */ = {
			isa = XCBuildConfiguration;
			buildSettings = {
				BUNDLE_LOADER = "$(TEST_HOST)";
				FRAMEWORK_SEARCH_PATHS = (
					"$(SDKROOT)/Developer/Library/Frameworks",
					"$(inherited)",
				);
				GCC_PREPROCESSOR_DEFINITIONS = (
					"DEBUG=1",
					"$(inherited)",
				);
				INFOPLIST_FILE = SocialTests/Info.plist;
				LD_RUNPATH_SEARCH_PATHS = "$(inherited) @executable_path/Frameworks @loader_path/Frameworks";
				PRODUCT_BUNDLE_IDENTIFIER = "Flatstack.$(PRODUCT_NAME:rfc1034identifier)";
				PRODUCT_NAME = "$(TARGET_NAME)";
				TEST_HOST = "$(BUILT_PRODUCTS_DIR)/Social.app/Social";
			};
			name = Debug;
		};
		E763D0011B91FE4700726250 /* Release */ = {
			isa = XCBuildConfiguration;
			buildSettings = {
				BUNDLE_LOADER = "$(TEST_HOST)";
				FRAMEWORK_SEARCH_PATHS = (
					"$(SDKROOT)/Developer/Library/Frameworks",
					"$(inherited)",
				);
				INFOPLIST_FILE = SocialTests/Info.plist;
				LD_RUNPATH_SEARCH_PATHS = "$(inherited) @executable_path/Frameworks @loader_path/Frameworks";
				PRODUCT_BUNDLE_IDENTIFIER = "Flatstack.$(PRODUCT_NAME:rfc1034identifier)";
				PRODUCT_NAME = "$(TARGET_NAME)";
				TEST_HOST = "$(BUILT_PRODUCTS_DIR)/Social.app/Social";
			};
			name = Release;
		};
/* End XCBuildConfiguration section */

/* Begin XCConfigurationList section */
		E763CFD81B91FE4700726250 /* Build configuration list for PBXProject "Social" */ = {
			isa = XCConfigurationList;
			buildConfigurations = (
				E763CFFA1B91FE4700726250 /* Debug */,
				E763CFFB1B91FE4700726250 /* Release */,
			);
			defaultConfigurationIsVisible = 0;
			defaultConfigurationName = Release;
		};
		E763CFFC1B91FE4700726250 /* Build configuration list for PBXNativeTarget "Social" */ = {
			isa = XCConfigurationList;
			buildConfigurations = (
				E763CFFD1B91FE4700726250 /* Debug */,
				E763CFFE1B91FE4700726250 /* Release */,
			);
			defaultConfigurationIsVisible = 0;
			defaultConfigurationName = Release;
		};
		E763CFFF1B91FE4700726250 /* Build configuration list for PBXNativeTarget "SocialTests" */ = {
			isa = XCConfigurationList;
			buildConfigurations = (
				E763D0001B91FE4700726250 /* Debug */,
				E763D0011B91FE4700726250 /* Release */,
			);
			defaultConfigurationIsVisible = 0;
			defaultConfigurationName = Release;
		};
/* End XCConfigurationList section */
	};
	rootObject = E763CFD51B91FE4700726250 /* Project object */;
}
